
Microsoft Visual Studio Solution File, Format Version 12.00
# Visual Studio Version 16
VisualStudioVersion = 16.0.29418.71
MinimumVisualStudioVersion = 10.0.40219.1
Project("{2150E333-8FDC-42A3-9474-1A3956D46DE8}") = "Business Logic Layer", "Business Logic Layer", "{F08B134A-2EF0-4BB1-965C-74BC5848D661}"
EndProject
Project("{2150E333-8FDC-42A3-9474-1A3956D46DE8}") = "Data Access Layer", "Data Access Layer", "{A4348AF5-684D-4727-BCC0-6B543E9BB028}"
EndProject
Project("{2150E333-8FDC-42A3-9474-1A3956D46DE8}") = "Cross-Cutting", "Cross-Cutting", "{D448C9F6-AB3B-4938-AE1F-DFF20BEAB273}"
EndProject
Project("{2150E333-8FDC-42A3-9474-1A3956D46DE8}") = "User Interfaces", "User Interfaces", "{62AD5A2E-5251-4EE1-A7BF-0549067846BE}"
EndProject
Project("{2150E333-8FDC-42A3-9474-1A3956D46DE8}") = "Solution Items", "Solution Items", "{36AE1E9F-8116-4EE8-8F29-D104432E7023}"
	ProjectSection(SolutionItems) = preProject
		.gitignore = .gitignore
		README.md = README.md
	EndProjectSection
EndProject
Project("{2150E333-8FDC-42A3-9474-1A3956D46DE8}") = "MealServices", "MealServices", "{52DCD7F9-F2C0-45AA-A2BA-870AE47B87A3}"
EndProject
Project("{9A19103F-16F7-4668-BE54-9A1E7A4F7556}") = "MealServices.BusinessLayer", "MealServices\MealServices.BusinessLayer\MealServices.BusinessLayer.csproj", "{646F687F-4B2E-43B2-AEA2-E59250724110}"
EndProject
Project("{9A19103F-16F7-4668-BE54-9A1E7A4F7556}") = "MealServices.BusinessLayerTests", "MealServices\MealServices.BusinessLayerTests\MealServices.BusinessLayerTests.csproj", "{899EE2C4-D8F5-4121-9477-FD57F3FC0241}"
EndProject
Project("{9A19103F-16F7-4668-BE54-9A1E7A4F7556}") = "MealServices.Shared", "MealServices\MealServices.Shared\MealServices.Shared.csproj", "{26239059-5880-4665-9E55-CD569DC40272}"
EndProject
Project("{9A19103F-16F7-4668-BE54-9A1E7A4F7556}") = "MealServices.SharedTests", "MealServices\MealServices.SharedTests\MealServices.SharedTests.csproj", "{039884EA-8080-4F55-848D-289681EC4D13}"
EndProject
Project("{9A19103F-16F7-4668-BE54-9A1E7A4F7556}") = "MealServices.DataLayer", "MealServices\MealServices.DataLayer\MealServices.DataLayer.csproj", "{C123D674-444E-4C48-B45B-2D4B9B261576}"
EndProject
Project("{9A19103F-16F7-4668-BE54-9A1E7A4F7556}") = "MealServices.DataLayerTests", "MealServices\MealServices.DataLayerTests\MealServices.DataLayerTests.csproj", "{89F56160-267F-45FE-AB27-C92D3A868B85}"
EndProject
Project("{2150E333-8FDC-42A3-9474-1A3956D46DE8}") = "FacilityServices", "FacilityServices", "{0DDEE60A-8AE3-4255-9B3F-837F62049D4A}"
EndProject
Project("{FAE04EC0-301F-11D3-BF4B-00C04F79EFBC}") = "FacilityServices.BusinessLayer", "FacilityServices\FacilityServices.BusinessLayer\FacilityServices.BusinessLayer.csproj", "{9DC18D8C-D979-4680-84FE-D6FB55BC7C63}"
EndProject
Project("{2150E333-8FDC-42A3-9474-1A3956D46DE8}") = "Business Logic Layer", "Business Logic Layer", "{135D23C0-EC8E-45B5-8E48-D98B14A0F17E}"
EndProject
Project("{FAE04EC0-301F-11D3-BF4B-00C04F79EFBC}") = "FacilityServices.BusinessLayerTests", "FacilityServices\FacilityServices.BusinessLayerTests\FacilityServices.BusinessLayerTests.csproj", "{D1AD10B5-310D-4877-ACC1-AF636E809D4A}"
EndProject
Project("{2150E333-8FDC-42A3-9474-1A3956D46DE8}") = "Cross-Cutting", "Cross-Cutting", "{38F573E1-DCBB-450A-98D9-99E5602B2EBE}"
EndProject
Project("{2150E333-8FDC-42A3-9474-1A3956D46DE8}") = "Data Access Layer", "Data Access Layer", "{AEA097D8-4641-4D2E-919B-17DF2BE64BA6}"
EndProject
Project("{FAE04EC0-301F-11D3-BF4B-00C04F79EFBC}") = "FacilityServices.Shared", "FacilityServices\FacilityServices.Shared\FacilityServices.Shared.csproj", "{9E1D88A8-CCF7-4826-AD52-09A52728F2B9}"
EndProject
Project("{FAE04EC0-301F-11D3-BF4B-00C04F79EFBC}") = "FacilityServices.SharedTests", "FacilityServices\FacilityServices.SharedTests\FacilityServices.SharedTests.csproj", "{DF2F63D9-9CA7-4016-BFC4-ACD75152195A}"
EndProject
Project("{FAE04EC0-301F-11D3-BF4B-00C04F79EFBC}") = "FacilityServices.DataLayer", "FacilityServices\FacilityServices.DataLayer\FacilityServices.DataLayer.csproj", "{3823F515-D90E-4F40-95F3-F62F5F61F225}"
EndProject
Project("{FAE04EC0-301F-11D3-BF4B-00C04F79EFBC}") = "FacilityServices.DataLayerTests", "FacilityServices\FacilityServices.DataLayerTests\FacilityServices.DataLayerTests.csproj", "{6B2475E4-C154-4A6B-A6F6-A1FE588929A2}"
EndProject
Global
	GlobalSection(SolutionConfigurationPlatforms) = preSolution
		Debug|Any CPU = Debug|Any CPU
		Release|Any CPU = Release|Any CPU
	EndGlobalSection
	GlobalSection(ProjectConfigurationPlatforms) = postSolution
		{646F687F-4B2E-43B2-AEA2-E59250724110}.Debug|Any CPU.ActiveCfg = Debug|Any CPU
		{646F687F-4B2E-43B2-AEA2-E59250724110}.Debug|Any CPU.Build.0 = Debug|Any CPU
		{646F687F-4B2E-43B2-AEA2-E59250724110}.Release|Any CPU.ActiveCfg = Release|Any CPU
		{646F687F-4B2E-43B2-AEA2-E59250724110}.Release|Any CPU.Build.0 = Release|Any CPU
		{899EE2C4-D8F5-4121-9477-FD57F3FC0241}.Debug|Any CPU.ActiveCfg = Debug|Any CPU
		{899EE2C4-D8F5-4121-9477-FD57F3FC0241}.Debug|Any CPU.Build.0 = Debug|Any CPU
		{899EE2C4-D8F5-4121-9477-FD57F3FC0241}.Release|Any CPU.ActiveCfg = Release|Any CPU
		{899EE2C4-D8F5-4121-9477-FD57F3FC0241}.Release|Any CPU.Build.0 = Release|Any CPU
		{26239059-5880-4665-9E55-CD569DC40272}.Debug|Any CPU.ActiveCfg = Debug|Any CPU
		{26239059-5880-4665-9E55-CD569DC40272}.Debug|Any CPU.Build.0 = Debug|Any CPU
		{26239059-5880-4665-9E55-CD569DC40272}.Release|Any CPU.ActiveCfg = Release|Any CPU
		{26239059-5880-4665-9E55-CD569DC40272}.Release|Any CPU.Build.0 = Release|Any CPU
		{039884EA-8080-4F55-848D-289681EC4D13}.Debug|Any CPU.ActiveCfg = Debug|Any CPU
		{039884EA-8080-4F55-848D-289681EC4D13}.Debug|Any CPU.Build.0 = Debug|Any CPU
		{039884EA-8080-4F55-848D-289681EC4D13}.Release|Any CPU.ActiveCfg = Release|Any CPU
		{039884EA-8080-4F55-848D-289681EC4D13}.Release|Any CPU.Build.0 = Release|Any CPU
		{C123D674-444E-4C48-B45B-2D4B9B261576}.Debug|Any CPU.ActiveCfg = Debug|Any CPU
		{C123D674-444E-4C48-B45B-2D4B9B261576}.Debug|Any CPU.Build.0 = Debug|Any CPU
		{C123D674-444E-4C48-B45B-2D4B9B261576}.Release|Any CPU.ActiveCfg = Release|Any CPU
		{C123D674-444E-4C48-B45B-2D4B9B261576}.Release|Any CPU.Build.0 = Release|Any CPU
		{89F56160-267F-45FE-AB27-C92D3A868B85}.Debug|Any CPU.ActiveCfg = Debug|Any CPU
		{89F56160-267F-45FE-AB27-C92D3A868B85}.Debug|Any CPU.Build.0 = Debug|Any CPU
		{89F56160-267F-45FE-AB27-C92D3A868B85}.Release|Any CPU.ActiveCfg = Release|Any CPU
		{89F56160-267F-45FE-AB27-C92D3A868B85}.Release|Any CPU.Build.0 = Release|Any CPU
		{9DC18D8C-D979-4680-84FE-D6FB55BC7C63}.Debug|Any CPU.ActiveCfg = Debug|Any CPU
		{9DC18D8C-D979-4680-84FE-D6FB55BC7C63}.Debug|Any CPU.Build.0 = Debug|Any CPU
		{9DC18D8C-D979-4680-84FE-D6FB55BC7C63}.Release|Any CPU.ActiveCfg = Release|Any CPU
		{9DC18D8C-D979-4680-84FE-D6FB55BC7C63}.Release|Any CPU.Build.0 = Release|Any CPU
		{D1AD10B5-310D-4877-ACC1-AF636E809D4A}.Debug|Any CPU.ActiveCfg = Debug|Any CPU
		{D1AD10B5-310D-4877-ACC1-AF636E809D4A}.Debug|Any CPU.Build.0 = Debug|Any CPU
		{D1AD10B5-310D-4877-ACC1-AF636E809D4A}.Release|Any CPU.ActiveCfg = Release|Any CPU
		{D1AD10B5-310D-4877-ACC1-AF636E809D4A}.Release|Any CPU.Build.0 = Release|Any CPU
		{9E1D88A8-CCF7-4826-AD52-09A52728F2B9}.Debug|Any CPU.ActiveCfg = Debug|Any CPU
		{9E1D88A8-CCF7-4826-AD52-09A52728F2B9}.Debug|Any CPU.Build.0 = Debug|Any CPU
		{9E1D88A8-CCF7-4826-AD52-09A52728F2B9}.Release|Any CPU.ActiveCfg = Release|Any CPU
		{9E1D88A8-CCF7-4826-AD52-09A52728F2B9}.Release|Any CPU.Build.0 = Release|Any CPU
		{DF2F63D9-9CA7-4016-BFC4-ACD75152195A}.Debug|Any CPU.ActiveCfg = Debug|Any CPU
		{DF2F63D9-9CA7-4016-BFC4-ACD75152195A}.Debug|Any CPU.Build.0 = Debug|Any CPU
		{DF2F63D9-9CA7-4016-BFC4-ACD75152195A}.Release|Any CPU.ActiveCfg = Release|Any CPU
		{DF2F63D9-9CA7-4016-BFC4-ACD75152195A}.Release|Any CPU.Build.0 = Release|Any CPU
		{3823F515-D90E-4F40-95F3-F62F5F61F225}.Debug|Any CPU.ActiveCfg = Debug|Any CPU
		{3823F515-D90E-4F40-95F3-F62F5F61F225}.Debug|Any CPU.Build.0 = Debug|Any CPU
		{3823F515-D90E-4F40-95F3-F62F5F61F225}.Release|Any CPU.ActiveCfg = Release|Any CPU
		{3823F515-D90E-4F40-95F3-F62F5F61F225}.Release|Any CPU.Build.0 = Release|Any CPU
		{6B2475E4-C154-4A6B-A6F6-A1FE588929A2}.Debug|Any CPU.ActiveCfg = Debug|Any CPU
		{6B2475E4-C154-4A6B-A6F6-A1FE588929A2}.Debug|Any CPU.Build.0 = Debug|Any CPU
		{6B2475E4-C154-4A6B-A6F6-A1FE588929A2}.Release|Any CPU.ActiveCfg = Release|Any CPU
		{6B2475E4-C154-4A6B-A6F6-A1FE588929A2}.Release|Any CPU.Build.0 = Release|Any CPU
	EndGlobalSection
	GlobalSection(SolutionProperties) = preSolution
		HideSolutionNode = FALSE
	EndGlobalSection
	GlobalSection(NestedProjects) = preSolution
		{F08B134A-2EF0-4BB1-965C-74BC5848D661} = {52DCD7F9-F2C0-45AA-A2BA-870AE47B87A3}
		{A4348AF5-684D-4727-BCC0-6B543E9BB028} = {52DCD7F9-F2C0-45AA-A2BA-870AE47B87A3}
		{D448C9F6-AB3B-4938-AE1F-DFF20BEAB273} = {52DCD7F9-F2C0-45AA-A2BA-870AE47B87A3}
		{646F687F-4B2E-43B2-AEA2-E59250724110} = {F08B134A-2EF0-4BB1-965C-74BC5848D661}
		{899EE2C4-D8F5-4121-9477-FD57F3FC0241} = {F08B134A-2EF0-4BB1-965C-74BC5848D661}
		{26239059-5880-4665-9E55-CD569DC40272} = {D448C9F6-AB3B-4938-AE1F-DFF20BEAB273}
		{039884EA-8080-4F55-848D-289681EC4D13} = {D448C9F6-AB3B-4938-AE1F-DFF20BEAB273}
		{C123D674-444E-4C48-B45B-2D4B9B261576} = {A4348AF5-684D-4727-BCC0-6B543E9BB028}
		{89F56160-267F-45FE-AB27-C92D3A868B85} = {A4348AF5-684D-4727-BCC0-6B543E9BB028}
		{9DC18D8C-D979-4680-84FE-D6FB55BC7C63} = {135D23C0-EC8E-45B5-8E48-D98B14A0F17E}
		{135D23C0-EC8E-45B5-8E48-D98B14A0F17E} = {0DDEE60A-8AE3-4255-9B3F-837F62049D4A}
		{D1AD10B5-310D-4877-ACC1-AF636E809D4A} = {135D23C0-EC8E-45B5-8E48-D98B14A0F17E}
		{38F573E1-DCBB-450A-98D9-99E5602B2EBE} = {0DDEE60A-8AE3-4255-9B3F-837F62049D4A}
		{AEA097D8-4641-4D2E-919B-17DF2BE64BA6} = {0DDEE60A-8AE3-4255-9B3F-837F62049D4A}
		{9E1D88A8-CCF7-4826-AD52-09A52728F2B9} = {38F573E1-DCBB-450A-98D9-99E5602B2EBE}
		{DF2F63D9-9CA7-4016-BFC4-ACD75152195A} = {38F573E1-DCBB-450A-98D9-99E5602B2EBE}
		{3823F515-D90E-4F40-95F3-F62F5F61F225} = {AEA097D8-4641-4D2E-919B-17DF2BE64BA6}
		{6B2475E4-C154-4A6B-A6F6-A1FE588929A2} = {AEA097D8-4641-4D2E-919B-17DF2BE64BA6}
	EndGlobalSection
	GlobalSection(ExtensibilityGlobals) = postSolution
		SolutionGuid = {C170EEE5-52F4-4C78-ABDF-890E97482E62}
	EndGlobalSection
EndGlobal
